PODS:
  - Flutter (1.0.0)
  - flutter_ios_app_tracking_permission (0.0.1):
    - Flutter

DEPENDENCIES:
  - Flutter (from `Flutter`)
  - flutter_ios_app_tracking_permission (from `.symlinks/plugins/flutter_ios_app_tracking_permission/ios`)

EXTERNAL SOURCES:
  Flutter:
    :path: Flutter
  flutter_ios_app_tracking_permission:
    :path: ".symlinks/plugins/flutter_ios_app_tracking_permission/ios"

SPEC CHECKSUMS:
  Flutter: 0e3d915762c693b495b44d77113d4970485de6ec
  flutter_ios_app_tracking_permission: d5ed1f43e0922827f21d8fa19b8e7d387e4f0595

PODFILE CHECKSUM: aafe91acc616949ddb318b77800a7f51bffa2a4c

COCOAPODS: 1.9.3
